
Microsoft Visual Studio Solution File, Format Version 12.00
# Visual Studio Version 17
VisualStudioVersion = 17.9.34728.123
MinimumVisualStudioVersion = 10.0.40219.1
Project("{FAE04EC0-301F-11D3-BF4B-00C04F79EFBC}") = "BreweryMaster.API", "BreweryMaster.API\BreweryMaster.API.csproj", "{045E93F8-AE4B-4746-AB0C-6CE6EC431ED7}"
EndProject
Project("{FAE04EC0-301F-11D3-BF4B-00C04F79EFBC}") = "BreweryMaster.Tests", "BreweryMaster.Tests\BreweryMaster.Tests.csproj", "{EECB3440-2AB3-49AF-95C1-A75A3980548D}"
EndProject
Global
	GlobalSection(SolutionConfigurationPlatforms) = preSolution
		Debug|Any CPU = Debug|Any CPU
		Release|Any CPU = Release|Any CPU
	EndGlobalSection
	GlobalSection(ProjectConfigurationPlatforms) = postSolution
		{045E93F8-AE4B-4746-AB0C-6CE6EC431ED7}.Debug|Any CPU.ActiveCfg = Debug|Any CPU
		{045E93F8-AE4B-4746-AB0C-6CE6EC431ED7}.Debug|Any CPU.Build.0 = Debug|Any CPU
		{045E93F8-AE4B-4746-AB0C-6CE6EC431ED7}.Release|Any CPU.ActiveCfg = Release|Any CPU
		{045E93F8-AE4B-4746-AB0C-6CE6EC431ED7}.Release|Any CPU.Build.0 = Release|Any CPU
		{EECB3440-2AB3-49AF-95C1-A75A3980548D}.Debug|Any CPU.ActiveCfg = Debug|Any CPU
		{EECB3440-2AB3-49AF-95C1-A75A3980548D}.Debug|Any CPU.Build.0 = Debug|Any CPU
		{EECB3440-2AB3-49AF-95C1-A75A3980548D}.Release|Any CPU.ActiveCfg = Release|Any CPU
		{EECB3440-2AB3-49AF-95C1-A75A3980548D}.Release|Any CPU.Build.0 = Release|Any CPU
	EndGlobalSection
	GlobalSection(SolutionProperties) = preSolution
		HideSolutionNode = FALSE
	EndGlobalSection
	GlobalSection(ExtensibilityGlobals) = postSolution
		SolutionGuid = {A75115FD-BA32-4F3D-AF41-5AC4476590D4}
	EndGlobalSection
EndGlobal
